// !$*UTF8*$!
{
	archiveVersion = 1;
	classes = {
	};
	objectVersion = 56;
	objects = {

/* Begin PBXBuildFile section */
		700764022D4ACFD900411F53 /* APIService.swift in Sources */ = {isa = PBXBuildFile; fileRef = 700764012D4ACFD900411F53 /* APIService.swift */; };
		700764042D4AD12D00411F53 /* Program.swift in Sources */ = {isa = PBXBuildFile; fileRef = 700764032D4AD12D00411F53 /* Program.swift */; };
		700764062D4AD5B500411F53 /* ProgramScreen.swift in Sources */ = {isa = PBXBuildFile; fileRef = 700764052D4AD5B500411F53 /* ProgramScreen.swift */; };
		7019FEE22D4F907C005081AC /* output_373f8ae9-b0d3-4ff2-bf22-f053497e5d75_17500.mp3 in Resources */ = {isa = PBXBuildFile; fileRef = 7019FEE12D4F907C005081AC /* output_373f8ae9-b0d3-4ff2-bf22-f053497e5d75_17500.mp3 */; };
		7019FEE42D4F90B2005081AC /* output_70c55fc8-8cc4-40a9-af11-499e94d8f9f3_17550output_0003.mp3 in Resources */ = {isa = PBXBuildFile; fileRef = 7019FEE32D4F90B2005081AC /* output_70c55fc8-8cc4-40a9-af11-499e94d8f9f3_17550output_0003.mp3 */; };
		7019FEE62D4F90D9005081AC /* output_70c55fc8-8cc4-40a9-af11-499e94d8f9f3_17550output_0001.mp3 in Resources */ = {isa = PBXBuildFile; fileRef = 7019FEE52D4F90D9005081AC /* output_70c55fc8-8cc4-40a9-af11-499e94d8f9f3_17550output_0001.mp3 */; };
		7034A86F2DCF57E200CD5B36 /* TranscriptionTest.swift in Sources */ = {isa = PBXBuildFile; fileRef = 7034A86E2DCF57E200CD5B36 /* TranscriptionTest.swift */; };
		704058FA2DCFA02E00359F7A /* TranscriptionService.swift in Sources */ = {isa = PBXBuildFile; fileRef = 704058F92DCFA02E00359F7A /* TranscriptionService.swift */; };
		704F64282D6E016D000C5556 /* AudioPlayerViewDanielMorin.swift in Sources */ = {isa = PBXBuildFile; fileRef = 704F64272D6E016D000C5556 /* AudioPlayerViewDanielMorin.swift */; };
		70639F7B2DA805F800E20060 /* RecordingService.swift in Sources */ = {isa = PBXBuildFile; fileRef = 70639F7A2DA805F800E20060 /* RecordingService.swift */; };
		70639F7E2DA8087E00E20060 /* FFmpeg-iOS in Frameworks */ = {isa = PBXBuildFile; productRef = 70639F7D2DA8087E00E20060 /* FFmpeg-iOS */; };
		70639F802DA8087E00E20060 /* ffmpeg-ios in Frameworks */ = {isa = PBXBuildFile; productRef = 70639F7F2DA8087E00E20060 /* ffmpeg-ios */; };
		70639F842DA80C4A00E20060 /* SilentAudioManager.swift in Sources */ = {isa = PBXBuildFile; fileRef = 70639F832DA80C4A00E20060 /* SilentAudioManager.swift */; };
		7074574F2D4AB236000DC5EC /* GroovyMorningFM_MobileAppApp.swift in Sources */ = {isa = PBXBuildFile; fileRef = 7074574E2D4AB236000DC5EC /* GroovyMorningFM_MobileAppApp.swift */; };
		707457512D4AB236000DC5EC /* NewProgramScreen.swift in Sources */ = {isa = PBXBuildFile; fileRef = 707457502D4AB236000DC5EC /* NewProgramScreen.swift */; };
		707457532D4AB237000DC5EC /* Assets.xcassets in Resources */ = {isa = PBXBuildFile; fileRef = 707457522D4AB237000DC5EC /* Assets.xcassets */; };
		707457562D4AB237000DC5EC /* Preview Assets.xcassets in Resources */ = {isa = PBXBuildFile; fileRef = 707457552D4AB237000DC5EC /* Preview Assets.xcassets */; };
		707457612D4AB237000DC5EC /* GroovyMorningFM_MobileAppTests.swift in Sources */ = {isa = PBXBuildFile; fileRef = 707457602D4AB237000DC5EC /* GroovyMorningFM_MobileAppTests.swift */; };
		7074576B2D4AB237000DC5EC /* GroovyMorningFM_MobileAppUITests.swift in Sources */ = {isa = PBXBuildFile; fileRef = 7074576A2D4AB237000DC5EC /* GroovyMorningFM_MobileAppUITests.swift */; };
		7074576D2D4AB237000DC5EC /* GroovyMorningFM_MobileAppUITestsLaunchTests.swift in Sources */ = {isa = PBXBuildFile; fileRef = 7074576C2D4AB237000DC5EC /* GroovyMorningFM_MobileAppUITestsLaunchTests.swift */; };
		707A5ABC2DAA5F5F00D8198C /* TestFFMPEGConcatene.swift in Sources */ = {isa = PBXBuildFile; fileRef = 707A5ABB2DAA5F5F00D8198C /* TestFFMPEGConcatene.swift */; };
		707A5ABE2DAA5FEC00D8198C /* AudioPlayerManager 2.swift in Sources */ = {isa = PBXBuildFile; fileRef = 707A5ABD2DAA5FEC00D8198C /* AudioPlayerManager 2.swift */; };
		707A5AC02DAA672000D8198C /* SandboxTest.swift in Sources */ = {isa = PBXBuildFile; fileRef = 707A5ABF2DAA672000D8198C /* SandboxTest.swift */; };
		708366022D57AB8200DF1AB6 /* AudioPlayerView.swift in Sources */ = {isa = PBXBuildFile; fileRef = 708366012D57AB8200DF1AB6 /* AudioPlayerView.swift */; };
		7091436E2D6394C100D3C3A9 /* GroovyRootView.swift in Sources */ = {isa = PBXBuildFile; fileRef = 7091436D2D6394C100D3C3A9 /* GroovyRootView.swift */; };
		709143702D639DB200D3C3A9 /* BigModel.swift in Sources */ = {isa = PBXBuildFile; fileRef = 7091436F2D639DB200D3C3A9 /* BigModel.swift */; };
		709261CD2DCBA4D7009400F8 /* ProgramPlayerView.swift in Sources */ = {isa = PBXBuildFile; fileRef = 709261CC2DCBA4D7009400F8 /* ProgramPlayerView.swift */; };
		709750322D71E3100091A938 /* IPAdressView.swift in Sources */ = {isa = PBXBuildFile; fileRef = 709750312D71E3100091A938 /* IPAdressView.swift */; };
		70983FD92D6B7BBD00B01BBF /* LightenedRadioStation.swift in Sources */ = {isa = PBXBuildFile; fileRef = 70983FD82D6B7BBD00B01BBF /* LightenedRadioStation.swift */; };
		70983FDB2D6B7C2D00B01BBF /* LightenedRadioStationAndAmountOfResponses.swift in Sources */ = {isa = PBXBuildFile; fileRef = 70983FDA2D6B7C2D00B01BBF /* LightenedRadioStationAndAmountOfResponses.swift */; };
		70A101882DAEBC84007348E7 /* TestEnregistrement2Flux.swift in Sources */ = {isa = PBXBuildFile; fileRef = 70A101872DAEBC84007348E7 /* TestEnregistrement2Flux.swift */; };
		70A1018A2DB024B5007348E7 /* TestFFMPEGSemaphore.swift in Sources */ = {isa = PBXBuildFile; fileRef = 70A101892DB024B5007348E7 /* TestFFMPEGSemaphore.swift */; };
		70A1018C2DB120ED007348E7 /* SandboxMP4FilesPlayer.swift in Sources */ = {isa = PBXBuildFile; fileRef = 70A1018B2DB120ED007348E7 /* SandboxMP4FilesPlayer.swift */; };
		70A101942DB2460A007348E7 /* APIServiceProtocol.swift in Sources */ = {isa = PBXBuildFile; fileRef = 70A101932DB2460A007348E7 /* APIServiceProtocol.swift */; };
		70A1019F2DB24A32007348E7 /* SilentAudioPlayerProtocol.swift in Sources */ = {isa = PBXBuildFile; fileRef = 70A1019E2DB24A32007348E7 /* SilentAudioPlayerProtocol.swift */; };
		70A101A62DB24C79007348E7 /* ProgramManagerProtocol.swift in Sources */ = {isa = PBXBuildFile; fileRef = 70A101A52DB24C79007348E7 /* ProgramManagerProtocol.swift */; };
		70A101AA2DB24CC1007348E7 /* ProgramManager.swift in Sources */ = {isa = PBXBuildFile; fileRef = 70A101A92DB24CC1007348E7 /* ProgramManager.swift */; };
		70A101AC2DB24D25007348E7 /* RecordingServiceProtocol.swift in Sources */ = {isa = PBXBuildFile; fileRef = 70A101AB2DB24D25007348E7 /* RecordingServiceProtocol.swift */; };
		70A101BA2DB2CADD007348E7 /* BottomSheetView.swift in Sources */ = {isa = PBXBuildFile; fileRef = 70A101B92DB2CADD007348E7 /* BottomSheetView.swift */; };
		70B635FF2DA9ACD800C94540 /* FileManager+Audio.swift in Sources */ = {isa = PBXBuildFile; fileRef = 70B635FE2DA9ACD800C94540 /* FileManager+Audio.swift */; };
		70B636032DA9B4F500C94540 /* AudioPlayerView_2237.swift in Sources */ = {isa = PBXBuildFile; fileRef = 70B636022DA9B4F500C94540 /* AudioPlayerView_2237.swift */; };
		70B636052DA9B56700C94540 /* AudioPlayerManager_2237.swift in Sources */ = {isa = PBXBuildFile; fileRef = 70B636042DA9B56700C94540 /* AudioPlayerManager_2237.swift */; };
		70BBAC212DE4D029001EC6C3 /* LaunchScreen.swift in Sources */ = {isa = PBXBuildFile; fileRef = 70BBAC202DE4D029001EC6C3 /* LaunchScreen.swift */; };
		70D3B9472D5BB71B00BFF6F7 /* AudioPlayerManager.swift in Sources */ = {isa = PBXBuildFile; fileRef = 70D3B9462D5BB71B00BFF6F7 /* AudioPlayerManager.swift */; };
		70D3B9492D5FE73600BFF6F7 /* RecordName.swift in Sources */ = {isa = PBXBuildFile; fileRef = 70D3B9482D5FE73600BFF6F7 /* RecordName.swift */; };
		70F267502E19996F00EF570B /* AudioPlayerManager952025.swift in Sources */ = {isa = PBXBuildFile; fileRef = 70F2674F2E19996F00EF570B /* AudioPlayerManager952025.swift */; };
		70F267532E1A7A4F00EF570B /* NewDesignPlayer.swift in Sources */ = {isa = PBXBuildFile; fileRef = 70F267522E1A7A4F00EF570B /* NewDesignPlayer.swift */; };
/* End PBXBuildFile section */

/* Begin PBXContainerItemProxy section */
		7074575D2D4AB237000DC5EC /* PBXContainerItemProxy */ = {
			isa = PBXContainerItemProxy;
			containerPortal = 707457432D4AB236000DC5EC /* Project object */;
			proxyType = 1;
			remoteGlobalIDString = 7074574A2D4AB236000DC5EC;
			remoteInfo = GroovyMorningFM_MobileApp;
		};
		707457672D4AB237000DC5EC /* PBXContainerItemProxy */ = {
			isa = PBXContainerItemProxy;
			containerPortal = 707457432D4AB236000DC5EC /* Project object */;
			proxyType = 1;
			remoteGlobalIDString = 7074574A2D4AB236000DC5EC;
			remoteInfo = GroovyMorningFM_MobileApp;
		};
/* End PBXContainerItemProxy section */

/* Begin PBXFileReference section */
		700764012D4ACFD900411F53 /* APIService.swift */ = {isa = PBXFileReference; lastKnownFileType = sourcecode.swift; path = APIService.swift; sourceTree = "<group>"; };
		700764032D4AD12D00411F53 /* Program.swift */ = {isa = PBXFileReference; lastKnownFileType = sourcecode.swift; path = Program.swift; sourceTree = "<group>"; };
		700764052D4AD5B500411F53 /* ProgramScreen.swift */ = {isa = PBXFileReference; lastKnownFileType = sourcecode.swift; path = ProgramScreen.swift; sourceTree = "<group>"; };
		7019FEE12D4F907C005081AC /* output_373f8ae9-b0d3-4ff2-bf22-f053497e5d75_17500.mp3 */ = {isa = PBXFileReference; lastKnownFileType = audio.mp3; path = "output_373f8ae9-b0d3-4ff2-bf22-f053497e5d75_17500.mp3"; sourceTree = "<group>"; };
		7019FEE32D4F90B2005081AC /* output_70c55fc8-8cc4-40a9-af11-499e94d8f9f3_17550output_0003.mp3 */ = {isa = PBXFileReference; lastKnownFileType = audio.mp3; path = "output_70c55fc8-8cc4-40a9-af11-499e94d8f9f3_17550output_0003.mp3"; sourceTree = "<group>"; };
		7019FEE52D4F90D9005081AC /* output_70c55fc8-8cc4-40a9-af11-499e94d8f9f3_17550output_0001.mp3 */ = {isa = PBXFileReference; lastKnownFileType = audio.mp3; path = "output_70c55fc8-8cc4-40a9-af11-499e94d8f9f3_17550output_0001.mp3"; sourceTree = "<group>"; };
		7034A86E2DCF57E200CD5B36 /* TranscriptionTest.swift */ = {isa = PBXFileReference; lastKnownFileType = sourcecode.swift; path = TranscriptionTest.swift; sourceTree = "<group>"; };
		704058F92DCFA02E00359F7A /* TranscriptionService.swift */ = {isa = PBXFileReference; lastKnownFileType = sourcecode.swift; path = TranscriptionService.swift; sourceTree = "<group>"; };
		704F64272D6E016D000C5556 /* AudioPlayerViewDanielMorin.swift */ = {isa = PBXFileReference; fileEncoding = 4; lastKnownFileType = sourcecode.swift; name = AudioPlayerViewDanielMorin.swift; path = GroovyMorningFM_MobileApp/Views/AudioPlayerViewDanielMorin.swift; sourceTree = SOURCE_ROOT; };
		70639F7A2DA805F800E20060 /* RecordingService.swift */ = {isa = PBXFileReference; lastKnownFileType = sourcecode.swift; path = RecordingService.swift; sourceTree = "<group>"; };
		70639F812DA80BCC00E20060 /* silent.mp3 */ = {isa = PBXFileReference; lastKnownFileType = audio.mp3; path = silent.mp3; sourceTree = "<group>"; };
		70639F832DA80C4A00E20060 /* SilentAudioManager.swift */ = {isa = PBXFileReference; lastKnownFileType = sourcecode.swift; path = SilentAudioManager.swift; sourceTree = "<group>"; };
		70639F852DA80E3B00E20060 /* GroovyMorningFM-MobileApp-Info.plist */ = {isa = PBXFileReference; lastKnownFileType = text.plist; path = "GroovyMorningFM-MobileApp-Info.plist"; sourceTree = SOURCE_ROOT; };
		7074574B2D4AB236000DC5EC /* GroovyMorningFM_MobileApp.app */ = {isa = PBXFileReference; explicitFileType = wrapper.application; includeInIndex = 0; path = GroovyMorningFM_MobileApp.app; sourceTree = BUILT_PRODUCTS_DIR; };
		7074574E2D4AB236000DC5EC /* GroovyMorningFM_MobileAppApp.swift */ = {isa = PBXFileReference; lastKnownFileType = sourcecode.swift; path = GroovyMorningFM_MobileAppApp.swift; sourceTree = "<group>"; };
		707457502D4AB236000DC5EC /* NewProgramScreen.swift */ = {isa = PBXFileReference; lastKnownFileType = sourcecode.swift; path = NewProgramScreen.swift; sourceTree = "<group>"; };
		707457522D4AB237000DC5EC /* Assets.xcassets */ = {isa = PBXFileReference; lastKnownFileType = folder.assetcatalog; path = Assets.xcassets; sourceTree = "<group>"; };
		707457552D4AB237000DC5EC /* Preview Assets.xcassets */ = {isa = PBXFileReference; lastKnownFileType = folder.assetcatalog; path = "Preview Assets.xcassets"; sourceTree = "<group>"; };
		707457572D4AB237000DC5EC /* GroovyMorningFM_MobileApp.entitlements */ = {isa = PBXFileReference; lastKnownFileType = text.plist.entitlements; path = GroovyMorningFM_MobileApp.entitlements; sourceTree = "<group>"; };
		7074575C2D4AB237000DC5EC /* GroovyMorningFM_MobileAppTests.xctest */ = {isa = PBXFileReference; explicitFileType = wrapper.cfbundle; includeInIndex = 0; path = GroovyMorningFM_MobileAppTests.xctest; sourceTree = BUILT_PRODUCTS_DIR; };
		707457602D4AB237000DC5EC /* GroovyMorningFM_MobileAppTests.swift */ = {isa = PBXFileReference; lastKnownFileType = sourcecode.swift; path = GroovyMorningFM_MobileAppTests.swift; sourceTree = "<group>"; };
		707457662D4AB237000DC5EC /* GroovyMorningFM_MobileAppUITests.xctest */ = {isa = PBXFileReference; explicitFileType = wrapper.cfbundle; includeInIndex = 0; path = GroovyMorningFM_MobileAppUITests.xctest; sourceTree = BUILT_PRODUCTS_DIR; };
		7074576A2D4AB237000DC5EC /* GroovyMorningFM_MobileAppUITests.swift */ = {isa = PBXFileReference; lastKnownFileType = sourcecode.swift; path = GroovyMorningFM_MobileAppUITests.swift; sourceTree = "<group>"; };
		7074576C2D4AB237000DC5EC /* GroovyMorningFM_MobileAppUITestsLaunchTests.swift */ = {isa = PBXFileReference; lastKnownFileType = sourcecode.swift; path = GroovyMorningFM_MobileAppUITestsLaunchTests.swift; sourceTree = "<group>"; };
		707A5ABB2DAA5F5F00D8198C /* TestFFMPEGConcatene.swift */ = {isa = PBXFileReference; lastKnownFileType = sourcecode.swift; path = TestFFMPEGConcatene.swift; sourceTree = "<group>"; };
		707A5ABD2DAA5FEC00D8198C /* AudioPlayerManager 2.swift */ = {isa = PBXFileReference; lastKnownFileType = sourcecode.swift; path = "AudioPlayerManager 2.swift"; sourceTree = "<group>"; };
		707A5ABF2DAA672000D8198C /* SandboxTest.swift */ = {isa = PBXFileReference; lastKnownFileType = sourcecode.swift; path = SandboxTest.swift; sourceTree = "<group>"; };
		708366012D57AB8200DF1AB6 /* AudioPlayerView.swift */ = {isa = PBXFileReference; lastKnownFileType = sourcecode.swift; path = AudioPlayerView.swift; sourceTree = "<group>"; };
		7091436D2D6394C100D3C3A9 /* GroovyRootView.swift */ = {isa = PBXFileReference; lastKnownFileType = sourcecode.swift; path = GroovyRootView.swift; sourceTree = "<group>"; };
		7091436F2D639DB200D3C3A9 /* BigModel.swift */ = {isa = PBXFileReference; lastKnownFileType = sourcecode.swift; path = BigModel.swift; sourceTree = "<group>"; };
		709261CC2DCBA4D7009400F8 /* ProgramPlayerView.swift */ = {isa = PBXFileReference; lastKnownFileType = sourcecode.swift; path = ProgramPlayerView.swift; sourceTree = "<group>"; };
		709261CF2DCDFC18009400F8 /* GroovyMorningFM_MobileApp.xcodeproj */ = {isa = PBXFileReference; lastKnownFileType = "wrapper.pb-project"; path = GroovyMorningFM_MobileApp.xcodeproj; sourceTree = SOURCE_ROOT; };
		709750312D71E3100091A938 /* IPAdressView.swift */ = {isa = PBXFileReference; lastKnownFileType = sourcecode.swift; path = IPAdressView.swift; sourceTree = "<group>"; };
		70983FD82D6B7BBD00B01BBF /* LightenedRadioStation.swift */ = {isa = PBXFileReference; lastKnownFileType = sourcecode.swift; path = LightenedRadioStation.swift; sourceTree = "<group>"; };
		70983FDA2D6B7C2D00B01BBF /* LightenedRadioStationAndAmountOfResponses.swift */ = {isa = PBXFileReference; lastKnownFileType = sourcecode.swift; path = LightenedRadioStationAndAmountOfResponses.swift; sourceTree = "<group>"; };
		70A101872DAEBC84007348E7 /* TestEnregistrement2Flux.swift */ = {isa = PBXFileReference; lastKnownFileType = sourcecode.swift; path = TestEnregistrement2Flux.swift; sourceTree = "<group>"; };
		70A101892DB024B5007348E7 /* TestFFMPEGSemaphore.swift */ = {isa = PBXFileReference; lastKnownFileType = sourcecode.swift; path = TestFFMPEGSemaphore.swift; sourceTree = "<group>"; };
		70A1018B2DB120ED007348E7 /* SandboxMP4FilesPlayer.swift */ = {isa = PBXFileReference; lastKnownFileType = sourcecode.swift; path = SandboxMP4FilesPlayer.swift; sourceTree = "<group>"; };
		70A101932DB2460A007348E7 /* APIServiceProtocol.swift */ = {isa = PBXFileReference; lastKnownFileType = sourcecode.swift; path = APIServiceProtocol.swift; sourceTree = "<group>"; };
		70A1019E2DB24A32007348E7 /* SilentAudioPlayerProtocol.swift */ = {isa = PBXFileReference; lastKnownFileType = sourcecode.swift; path = SilentAudioPlayerProtocol.swift; sourceTree = "<group>"; };
		70A101A52DB24C79007348E7 /* ProgramManagerProtocol.swift */ = {isa = PBXFileReference; lastKnownFileType = sourcecode.swift; path = ProgramManagerProtocol.swift; sourceTree = "<group>"; };
		70A101A92DB24CC1007348E7 /* ProgramManager.swift */ = {isa = PBXFileReference; lastKnownFileType = sourcecode.swift; path = ProgramManager.swift; sourceTree = "<group>"; };
		70A101AB2DB24D25007348E7 /* RecordingServiceProtocol.swift */ = {isa = PBXFileReference; lastKnownFileType = sourcecode.swift; path = RecordingServiceProtocol.swift; sourceTree = "<group>"; };
		70A101B92DB2CADD007348E7 /* BottomSheetView.swift */ = {isa = PBXFileReference; lastKnownFileType = sourcecode.swift; path = BottomSheetView.swift; sourceTree = "<group>"; };
		70B635FE2DA9ACD800C94540 /* FileManager+Audio.swift */ = {isa = PBXFileReference; lastKnownFileType = sourcecode.swift; path = "FileManager+Audio.swift"; sourceTree = "<group>"; };
		70B636022DA9B4F500C94540 /* AudioPlayerView_2237.swift */ = {isa = PBXFileReference; lastKnownFileType = sourcecode.swift; path = AudioPlayerView_2237.swift; sourceTree = "<group>"; };
		70B636042DA9B56700C94540 /* AudioPlayerManager_2237.swift */ = {isa = PBXFileReference; lastKnownFileType = sourcecode.swift; path = AudioPlayerManager_2237.swift; sourceTree = "<group>"; };
		70BBAC202DE4D029001EC6C3 /* LaunchScreen.swift */ = {isa = PBXFileReference; lastKnownFileType = sourcecode.swift; path = LaunchScreen.swift; sourceTree = "<group>"; };
		70D3B9462D5BB71B00BFF6F7 /* AudioPlayerManager.swift */ = {isa = PBXFileReference; lastKnownFileType = sourcecode.swift; path = AudioPlayerManager.swift; sourceTree = "<group>"; };
		70D3B9482D5FE73600BFF6F7 /* RecordName.swift */ = {isa = PBXFileReference; lastKnownFileType = sourcecode.swift; path = RecordName.swift; sourceTree = "<group>"; };
		70F2674F2E19996F00EF570B /* AudioPlayerManager952025.swift */ = {isa = PBXFileReference; lastKnownFileType = sourcecode.swift; name = AudioPlayerManager952025.swift; path = GroovyMorningFM_MobileApp/Services/MainServices/Classes/AudioServices/AudioManager/AudioPlayerManager952025.swift; sourceTree = SOURCE_ROOT; };
		70F267522E1A7A4F00EF570B /* NewDesignPlayer.swift */ = {isa = PBXFileReference; lastKnownFileType = sourcecode.swift; path = NewDesignPlayer.swift; sourceTree = "<group>"; };
/* End PBXFileReference section */

/* Begin PBXFrameworksBuildPhase section */
		707457482D4AB236000DC5EC /* Frameworks */ = {
			isa = PBXFrameworksBuildPhase;
			buildActionMask = 2147483647;
			files = (
				70639F7E2DA8087E00E20060 /* FFmpeg-iOS in Frameworks */,
				70639F802DA8087E00E20060 /* ffmpeg-ios in Frameworks */,
			);
			runOnlyForDeploymentPostprocessing = 0;
		};
		707457592D4AB237000DC5EC /* Frameworks */ = {
			isa = PBXFrameworksBuildPhase;
			buildActionMask = 2147483647;
			files = (
			);
			runOnlyForDeploymentPostprocessing = 0;
		};
		707457632D4AB237000DC5EC /* Frameworks */ = {
			isa = PBXFrameworksBuildPhase;
			buildActionMask = 2147483647;
			files = (
			);
			runOnlyForDeploymentPostprocessing = 0;
		};
/* End PBXFrameworksBuildPhase section */

/* Begin PBXGroup section */
		7007640B2D4B5D4200411F53 /* Views */ = {
			isa = PBXGroup;
			children = (
				70F267522E1A7A4F00EF570B /* NewDesignPlayer.swift */,
				70A101B82DB25110007348E7 /* InvisibleViews */,
				70A101B72DB250F8007348E7 /* Main Views */,
			);
			path = Views;
			sourceTree = "<group>";
		};
		7007640D2D4BEEAE00411F53 /* Services */ = {
			isa = PBXGroup;
			children = (
				70A101B42DB24E95007348E7 /* MainServices */,
				70A101B52DB24EA2007348E7 /* OldServices */,
			);
			path = Services;
			sourceTree = "<group>";
		};
		7007640E2D4BEEBE00411F53 /* Models */ = {
			isa = PBXGroup;
			children = (
				700764032D4AD12D00411F53 /* Program.swift */,
				70D3B9482D5FE73600BFF6F7 /* RecordName.swift */,
				70983FD82D6B7BBD00B01BBF /* LightenedRadioStation.swift */,
				70983FDA2D6B7C2D00B01BBF /* LightenedRadioStationAndAmountOfResponses.swift */,
			);
			path = Models;
			sourceTree = "<group>";
		};
		707457422D4AB236000DC5EC = {
			isa = PBXGroup;
			children = (
				709261CF2DCDFC18009400F8 /* GroovyMorningFM_MobileApp.xcodeproj */,
				7074574D2D4AB236000DC5EC /* GroovyMorningFM_MobileApp */,
				7074575F2D4AB237000DC5EC /* GroovyMorningFM_MobileAppTests */,
				707457692D4AB237000DC5EC /* GroovyMorningFM_MobileAppUITests */,
				7074574C2D4AB236000DC5EC /* Products */,
				70639F812DA80BCC00E20060 /* silent.mp3 */,
			);
			sourceTree = "<group>";
		};
		7074574C2D4AB236000DC5EC /* Products */ = {
			isa = PBXGroup;
			children = (
				7074574B2D4AB236000DC5EC /* GroovyMorningFM_MobileApp.app */,
				7074575C2D4AB237000DC5EC /* GroovyMorningFM_MobileAppTests.xctest */,
				707457662D4AB237000DC5EC /* GroovyMorningFM_MobileAppUITests.xctest */,
			);
			name = Products;
			sourceTree = "<group>";
		};
		7074574D2D4AB236000DC5EC /* GroovyMorningFM_MobileApp */ = {
			isa = PBXGroup;
			children = (
				70639F852DA80E3B00E20060 /* GroovyMorningFM-MobileApp-Info.plist */,
				7007640D2D4BEEAE00411F53 /* Services */,
				7007640E2D4BEEBE00411F53 /* Models */,
				7007640B2D4B5D4200411F53 /* Views */,
				707457522D4AB237000DC5EC /* Assets.xcassets */,
				707457572D4AB237000DC5EC /* GroovyMorningFM_MobileApp.entitlements */,
				707457542D4AB237000DC5EC /* Preview Content */,
			);
			path = GroovyMorningFM_MobileApp;
			sourceTree = "<group>";
		};
		707457542D4AB237000DC5EC /* Preview Content */ = {
			isa = PBXGroup;
			children = (
				707457552D4AB237000DC5EC /* Preview Assets.xcassets */,
			);
			path = "Preview Content";
			sourceTree = "<group>";
		};
		7074575F2D4AB237000DC5EC /* GroovyMorningFM_MobileAppTests */ = {
			isa = PBXGroup;
			children = (
				707457602D4AB237000DC5EC /* GroovyMorningFM_MobileAppTests.swift */,
			);
			path = GroovyMorningFM_MobileAppTests;
			sourceTree = "<group>";
		};
		707457692D4AB237000DC5EC /* GroovyMorningFM_MobileAppUITests */ = {
			isa = PBXGroup;
			children = (
				7019FEE52D4F90D9005081AC /* output_70c55fc8-8cc4-40a9-af11-499e94d8f9f3_17550output_0001.mp3 */,
				7019FEE32D4F90B2005081AC /* output_70c55fc8-8cc4-40a9-af11-499e94d8f9f3_17550output_0003.mp3 */,
				7019FEE12D4F907C005081AC /* output_373f8ae9-b0d3-4ff2-bf22-f053497e5d75_17500.mp3 */,
				7074576A2D4AB237000DC5EC /* GroovyMorningFM_MobileAppUITests.swift */,
				7074576C2D4AB237000DC5EC /* GroovyMorningFM_MobileAppUITestsLaunchTests.swift */,
			);
			path = GroovyMorningFM_MobileAppUITests;
			sourceTree = "<group>";
		};
		709143712D64C4CF00D3C3A9 /* Special-views */ = {
			isa = PBXGroup;
			children = (
				7074574E2D4AB236000DC5EC /* GroovyMorningFM_MobileAppApp.swift */,
				704F64272D6E016D000C5556 /* AudioPlayerViewDanielMorin.swift */,
				70B636022DA9B4F500C94540 /* AudioPlayerView_2237.swift */,
				7091436D2D6394C100D3C3A9 /* GroovyRootView.swift */,
				70A101B92DB2CADD007348E7 /* BottomSheetView.swift */,
			);
			path = "Special-views";
			sourceTree = "<group>";
		};
		70A101802DABE63E007348E7 /* Sandboxs */ = {
			isa = PBXGroup;
			children = (
				70A101872DAEBC84007348E7 /* TestEnregistrement2Flux.swift */,
				70A101892DB024B5007348E7 /* TestFFMPEGSemaphore.swift */,
				70A1018B2DB120ED007348E7 /* SandboxMP4FilesPlayer.swift */,
				707A5ABF2DAA672000D8198C /* SandboxTest.swift */,
				707A5ABD2DAA5FEC00D8198C /* AudioPlayerManager 2.swift */,
				707A5ABB2DAA5F5F00D8198C /* TestFFMPEGConcatene.swift */,
				7034A86E2DCF57E200CD5B36 /* TranscriptionTest.swift */,
			);
			path = Sandboxs;
			sourceTree = "<group>";
		};
		70A101952DB2460E007348E7 /* Protocols */ = {
			isa = PBXGroup;
			children = (
				70A101B32DB24E6E007348E7 /* DataServices */,
				70A101B22DB24E4D007348E7 /* AudioServices */,
			);
			path = Protocols;
			sourceTree = "<group>";
		};
		70A101962DB2473E007348E7 /* Sandboxs */ = {
			isa = PBXGroup;
			children = (
				70B636042DA9B56700C94540 /* AudioPlayerManager_2237.swift */,
				70B635FE2DA9ACD800C94540 /* FileManager+Audio.swift */,
			);
			path = Sandboxs;
			sourceTree = "<group>";
		};
		70A101972DB24757007348E7 /* Classes */ = {
			isa = PBXGroup;
			children = (
				70A101B12DB24E38007348E7 /* DataServices */,
				70A101AF2DB24D7D007348E7 /* AudioServices */,
			);
			path = Classes;
			sourceTree = "<group>";
		};
		70A1019A2DB24826007348E7 /* ServerSideVersionClasses */ = {
			isa = PBXGroup;
			children = (
				70D3B9462D5BB71B00BFF6F7 /* AudioPlayerManager.swift */,
			);
			path = ServerSideVersionClasses;
			sourceTree = "<group>";
		};
		70A1019B2DB24856007348E7 /* APIService */ = {
			isa = PBXGroup;
			children = (
				70A101932DB2460A007348E7 /* APIServiceProtocol.swift */,
			);
			path = APIService;
			sourceTree = "<group>";
		};
		70A1019C2DB248B2007348E7 /* APIService */ = {
			isa = PBXGroup;
			children = (
				700764012D4ACFD900411F53 /* APIService.swift */,
			);
			path = APIService;
			sourceTree = "<group>";
		};
		70A1019D2DB249F8007348E7 /* BackgroundSilentAudio */ = {
			isa = PBXGroup;
			children = (
				70A1019E2DB24A32007348E7 /* SilentAudioPlayerProtocol.swift */,
			);
			path = BackgroundSilentAudio;
			sourceTree = "<group>";
		};
		70A101A02DB24A91007348E7 /* BackgroundSilentAudio */ = {
			isa = PBXGroup;
			children = (
				70639F832DA80C4A00E20060 /* SilentAudioManager.swift */,
			);
			path = BackgroundSilentAudio;
			sourceTree = "<group>";
		};
		70A101A42DB24BCC007348E7 /* BigModel */ = {
			isa = PBXGroup;
			children = (
				7091436F2D639DB200D3C3A9 /* BigModel.swift */,
			);
			path = BigModel;
			sourceTree = "<group>";
		};
		70A101A72DB24C92007348E7 /* ProgramManager */ = {
			isa = PBXGroup;
			children = (
				70A101A52DB24C79007348E7 /* ProgramManagerProtocol.swift */,
			);
			path = ProgramManager;
			sourceTree = "<group>";
		};
		70A101A82DB24CB1007348E7 /* ProgramManager */ = {
			isa = PBXGroup;
			children = (
				70A101A92DB24CC1007348E7 /* ProgramManager.swift */,
			);
			path = ProgramManager;
			sourceTree = "<group>";
		};
		70A101AD2DB24D38007348E7 /* RecordingService */ = {
			isa = PBXGroup;
			children = (
				70A101AB2DB24D25007348E7 /* RecordingServiceProtocol.swift */,
			);
			path = RecordingService;
			sourceTree = "<group>";
		};
		70A101AE2DB24D51007348E7 /* RecordingService */ = {
			isa = PBXGroup;
			children = (
				70639F7A2DA805F800E20060 /* RecordingService.swift */,
			);
			path = RecordingService;
			sourceTree = "<group>";
		};
		70A101AF2DB24D7D007348E7 /* AudioServices */ = {
			isa = PBXGroup;
			children = (
				70F267512E19998C00EF570B /* New Group */,
				70A101AE2DB24D51007348E7 /* RecordingService */,
				70A101A02DB24A91007348E7 /* BackgroundSilentAudio */,
				704058F92DCFA02E00359F7A /* TranscriptionService.swift */,
			);
			path = AudioServices;
			sourceTree = "<group>";
		};
		70A101B12DB24E38007348E7 /* DataServices */ = {
			isa = PBXGroup;
			children = (
				70A101A82DB24CB1007348E7 /* ProgramManager */,
				70A101A42DB24BCC007348E7 /* BigModel */,
				70A1019C2DB248B2007348E7 /* APIService */,
			);
			path = DataServices;
			sourceTree = "<group>";
		};
		70A101B22DB24E4D007348E7 /* AudioServices */ = {
			isa = PBXGroup;
			children = (
				70A101AD2DB24D38007348E7 /* RecordingService */,
				70A1019D2DB249F8007348E7 /* BackgroundSilentAudio */,
			);
			path = AudioServices;
			sourceTree = "<group>";
		};
		70A101B32DB24E6E007348E7 /* DataServices */ = {
			isa = PBXGroup;
			children = (
				70A101A72DB24C92007348E7 /* ProgramManager */,
				70A1019B2DB24856007348E7 /* APIService */,
			);
			path = DataServices;
			sourceTree = "<group>";
		};
		70A101B42DB24E95007348E7 /* MainServices */ = {
			isa = PBXGroup;
			children = (
				70A101952DB2460E007348E7 /* Protocols */,
				70A101972DB24757007348E7 /* Classes */,
			);
			path = MainServices;
			sourceTree = "<group>";
		};
		70A101B52DB24EA2007348E7 /* OldServices */ = {
			isa = PBXGroup;
			children = (
				70A1019A2DB24826007348E7 /* ServerSideVersionClasses */,
				70A101962DB2473E007348E7 /* Sandboxs */,
			);
			path = OldServices;
			sourceTree = "<group>";
		};
		70A101B62DB24F75007348E7 /* ServerSideVersionViews */ = {
			isa = PBXGroup;
			children = (
				708366012D57AB8200DF1AB6 /* AudioPlayerView.swift */,
			);
			path = ServerSideVersionViews;
			sourceTree = "<group>";
		};
		70A101B72DB250F8007348E7 /* Main Views */ = {
			isa = PBXGroup;
			children = (
				700764052D4AD5B500411F53 /* ProgramScreen.swift */,
				70BBAC202DE4D029001EC6C3 /* LaunchScreen.swift */,
				707457502D4AB236000DC5EC /* NewProgramScreen.swift */,
				709750312D71E3100091A938 /* IPAdressView.swift */,
				709261CC2DCBA4D7009400F8 /* ProgramPlayerView.swift */,
				709143712D64C4CF00D3C3A9 /* Special-views */,
			);
			path = "Main Views";
			sourceTree = "<group>";
		};
		70A101B82DB25110007348E7 /* InvisibleViews */ = {
			isa = PBXGroup;
			children = (
				70A101B62DB24F75007348E7 /* ServerSideVersionViews */,
				70A101802DABE63E007348E7 /* Sandboxs */,
			);
			path = InvisibleViews;
			sourceTree = "<group>";
		};
		70D8F1C22DCE1A090043820F /* Products */ = {
			isa = PBXGroup;
			name = Products;
			sourceTree = "<group>";
		};
		70F267512E19998C00EF570B /* New Group */ = {
			isa = PBXGroup;
			children = (
				70F2674F2E19996F00EF570B /* AudioPlayerManager952025.swift */,
			);
			path = "New Group";
			sourceTree = "<group>";
		};
/* End PBXGroup section */

/* Begin PBXNativeTarget section */
		7074574A2D4AB236000DC5EC /* GroovyMorningFM_MobileApp */ = {
			isa = PBXNativeTarget;
			buildConfigurationList = 707457702D4AB237000DC5EC /* Build configuration list for PBXNativeTarget "GroovyMorningFM_MobileApp" */;
			buildPhases = (
				707457472D4AB236000DC5EC /* Sources */,
				707457482D4AB236000DC5EC /* Frameworks */,
				707457492D4AB236000DC5EC /* Resources */,
			);
			buildRules = (
			);
			dependencies = (
			);
			name = GroovyMorningFM_MobileApp;
			productName = GroovyMorningFM_MobileApp;
			productReference = 7074574B2D4AB236000DC5EC /* GroovyMorningFM_MobileApp.app */;
			productType = "com.apple.product-type.application";
		};
		7074575B2D4AB237000DC5EC /* GroovyMorningFM_MobileAppTests */ = {
			isa = PBXNativeTarget;
			buildConfigurationList = 707457732D4AB237000DC5EC /* Build configuration list for PBXNativeTarget "GroovyMorningFM_MobileAppTests" */;
			buildPhases = (
				707457582D4AB237000DC5EC /* Sources */,
				707457592D4AB237000DC5EC /* Frameworks */,
				7074575A2D4AB237000DC5EC /* Resources */,
			);
			buildRules = (
			);
			dependencies = (
				7074575E2D4AB237000DC5EC /* PBXTargetDependency */,
			);
			name = GroovyMorningFM_MobileAppTests;
			productName = GroovyMorningFM_MobileAppTests;
			productReference = 7074575C2D4AB237000DC5EC /* GroovyMorningFM_MobileAppTests.xctest */;
			productType = "com.apple.product-type.bundle.unit-test";
		};
		707457652D4AB237000DC5EC /* GroovyMorningFM_MobileAppUITests */ = {
			isa = PBXNativeTarget;
			buildConfigurationList = 707457762D4AB237000DC5EC /* Build configuration list for PBXNativeTarget "GroovyMorningFM_MobileAppUITests" */;
			buildPhases = (
				707457622D4AB237000DC5EC /* Sources */,
				707457632D4AB237000DC5EC /* Frameworks */,
				707457642D4AB237000DC5EC /* Resources */,
			);
			buildRules = (
			);
			dependencies = (
				707457682D4AB237000DC5EC /* PBXTargetDependency */,
			);
			name = GroovyMorningFM_MobileAppUITests;
			productName = GroovyMorningFM_MobileAppUITests;
			productReference = 707457662D4AB237000DC5EC /* GroovyMorningFM_MobileAppUITests.xctest */;
			productType = "com.apple.product-type.bundle.ui-testing";
		};
/* End PBXNativeTarget section */

/* Begin PBXProject section */
		707457432D4AB236000DC5EC /* Project object */ = {
			isa = PBXProject;
			attributes = {
				BuildIndependentTargetsInParallel = 1;
				LastSwiftUpdateCheck = 1530;
				LastUpgradeCheck = 1530;
				TargetAttributes = {
					7074574A2D4AB236000DC5EC = {
						CreatedOnToolsVersion = 15.3;
					};
					7074575B2D4AB237000DC5EC = {
						CreatedOnToolsVersion = 15.3;
						TestTargetID = 7074574A2D4AB236000DC5EC;
					};
					707457652D4AB237000DC5EC = {
						CreatedOnToolsVersion = 15.3;
						TestTargetID = 7074574A2D4AB236000DC5EC;
					};
				};
			};
			buildConfigurationList = 707457462D4AB236000DC5EC /* Build configuration list for PBXProject "GroovyMorningFM_MobileApp" */;
			compatibilityVersion = "Xcode 14.0";
			developmentRegion = en;
			hasScannedForEncodings = 0;
			knownRegions = (
				en,
				Base,
			);
			mainGroup = 707457422D4AB236000DC5EC;
			packageReferences = (
				70639F7C2DA8087E00E20060 /* XCRemoteSwiftPackageReference "FFmpeg-iOS" */,
			);
			productRefGroup = 7074574C2D4AB236000DC5EC /* Products */;
			projectDirPath = "";
			projectReferences = (
				{
					ProductGroup = 70D8F1C22DCE1A090043820F /* Products */;
					ProjectRef = 709261CF2DCDFC18009400F8 /* GroovyMorningFM_MobileApp.xcodeproj */;
				},
			);
			projectRoot = "";
			targets = (
				7074574A2D4AB236000DC5EC /* GroovyMorningFM_MobileApp */,
				7074575B2D4AB237000DC5EC /* GroovyMorningFM_MobileAppTests */,
				707457652D4AB237000DC5EC /* GroovyMorningFM_MobileAppUITests */,
			);
		};
/* End PBXProject section */

/* Begin PBXResourcesBuildPhase section */
		707457492D4AB236000DC5EC /* Resources */ = {
			isa = PBXResourcesBuildPhase;
			buildActionMask = 2147483647;
			files = (
				707457562D4AB237000DC5EC /* Preview Assets.xcassets in Resources */,
				707457532D4AB237000DC5EC /* Assets.xcassets in Resources */,
			);
			runOnlyForDeploymentPostprocessing = 0;
		};
		7074575A2D4AB237000DC5EC /* Resources */ = {
			isa = PBXResourcesBuildPhase;
			buildActionMask = 2147483647;
			files = (
			);
			runOnlyForDeploymentPostprocessing = 0;
		};
		707457642D4AB237000DC5EC /* Resources */ = {
			isa = PBXResourcesBuildPhase;
			buildActionMask = 2147483647;
			files = (
				7019FEE62D4F90D9005081AC /* output_70c55fc8-8cc4-40a9-af11-499e94d8f9f3_17550output_0001.mp3 in Resources */,
				7019FEE42D4F90B2005081AC /* output_70c55fc8-8cc4-40a9-af11-499e94d8f9f3_17550output_0003.mp3 in Resources */,
				7019FEE22D4F907C005081AC /* output_373f8ae9-b0d3-4ff2-bf22-f053497e5d75_17500.mp3 in Resources */,
			);
			runOnlyForDeploymentPostprocessing = 0;
		};
/* End PBXResourcesBuildPhase section */

/* Begin PBXSourcesBuildPhase section */
		707457472D4AB236000DC5EC /* Sources */ = {
			isa = PBXSourcesBuildPhase;
			buildActionMask = 2147483647;
			files = (
				70A1019F2DB24A32007348E7 /* SilentAudioPlayerProtocol.swift in Sources */,
				704F64282D6E016D000C5556 /* AudioPlayerViewDanielMorin.swift in Sources */,
				707A5ABC2DAA5F5F00D8198C /* TestFFMPEGConcatene.swift in Sources */,
				70F267502E19996F00EF570B /* AudioPlayerManager952025.swift in Sources */,
				70A1018C2DB120ED007348E7 /* SandboxMP4FilesPlayer.swift in Sources */,
				700764062D4AD5B500411F53 /* ProgramScreen.swift in Sources */,
				700764042D4AD12D00411F53 /* Program.swift in Sources */,
				70A101AC2DB24D25007348E7 /* RecordingServiceProtocol.swift in Sources */,
				70983FD92D6B7BBD00B01BBF /* LightenedRadioStation.swift in Sources */,
				70A101BA2DB2CADD007348E7 /* BottomSheetView.swift in Sources */,
				70A101882DAEBC84007348E7 /* TestEnregistrement2Flux.swift in Sources */,
				70A101AA2DB24CC1007348E7 /* ProgramManager.swift in Sources */,
				709143702D639DB200D3C3A9 /* BigModel.swift in Sources */,
				709750322D71E3100091A938 /* IPAdressView.swift in Sources */,
				707457512D4AB236000DC5EC /* NewProgramScreen.swift in Sources */,
				707A5ABE2DAA5FEC00D8198C /* AudioPlayerManager 2.swift in Sources */,
				70B636032DA9B4F500C94540 /* AudioPlayerView_2237.swift in Sources */,
				70B635FF2DA9ACD800C94540 /* FileManager+Audio.swift in Sources */,
				700764022D4ACFD900411F53 /* APIService.swift in Sources */,
				7074574F2D4AB236000DC5EC /* GroovyMorningFM_MobileAppApp.swift in Sources */,
				70A101942DB2460A007348E7 /* APIServiceProtocol.swift in Sources */,
				7034A86F2DCF57E200CD5B36 /* TranscriptionTest.swift in Sources */,
				70A101A62DB24C79007348E7 /* ProgramManagerProtocol.swift in Sources */,
				704058FA2DCFA02E00359F7A /* TranscriptionService.swift in Sources */,
				70F267532E1A7A4F00EF570B /* NewDesignPlayer.swift in Sources */,
				70A1018A2DB024B5007348E7 /* TestFFMPEGSemaphore.swift in Sources */,
				70639F842DA80C4A00E20060 /* SilentAudioManager.swift in Sources */,
				70B636052DA9B56700C94540 /* AudioPlayerManager_2237.swift in Sources */,
				7091436E2D6394C100D3C3A9 /* GroovyRootView.swift in Sources */,
				70D3B9472D5BB71B00BFF6F7 /* AudioPlayerManager.swift in Sources */,
				709261CD2DCBA4D7009400F8 /* ProgramPlayerView.swift in Sources */,
				70983FDB2D6B7C2D00B01BBF /* LightenedRadioStationAndAmountOfResponses.swift in Sources */,
				707A5AC02DAA672000D8198C /* SandboxTest.swift in Sources */,
				70D3B9492D5FE73600BFF6F7 /* RecordName.swift in Sources */,
				708366022D57AB8200DF1AB6 /* AudioPlayerView.swift in Sources */,
				70BBAC212DE4D029001EC6C3 /* LaunchScreen.swift in Sources */,
				70639F7B2DA805F800E20060 /* RecordingService.swift in Sources */,
			);
			runOnlyForDeploymentPostprocessing = 0;
		};
		707457582D4AB237000DC5EC /* Sources */ = {
			isa = PBXSourcesBuildPhase;
			buildActionMask = 2147483647;
			files = (
				707457612D4AB237000DC5EC /* GroovyMorningFM_MobileAppTests.swift in Sources */,
			);
			runOnlyForDeploymentPostprocessing = 0;
		};
		707457622D4AB237000DC5EC /* Sources */ = {
			isa = PBXSourcesBuildPhase;
			buildActionMask = 2147483647;
			files = (
				7074576D2D4AB237000DC5EC /* GroovyMorningFM_MobileAppUITestsLaunchTests.swift in Sources */,
				7074576B2D4AB237000DC5EC /* GroovyMorningFM_MobileAppUITests.swift in Sources */,
			);
			runOnlyForDeploymentPostprocessing = 0;
		};
/* End PBXSourcesBuildPhase section */

/* Begin PBXTargetDependency section */
		7074575E2D4AB237000DC5EC /* PBXTargetDependency */ = {
			isa = PBXTargetDependency;
			target = 7074574A2D4AB236000DC5EC /* GroovyMorningFM_MobileApp */;
			targetProxy = 7074575D2D4AB237000DC5EC /* PBXContainerItemProxy */;
		};
		707457682D4AB237000DC5EC /* PBXTargetDependency */ = {
			isa = PBXTargetDependency;
			target = 7074574A2D4AB236000DC5EC /* GroovyMorningFM_MobileApp */;
			targetProxy = 707457672D4AB237000DC5EC /* PBXContainerItemProxy */;
		};
/* End PBXTargetDependency section */

/* Begin XCBuildConfiguration section */
		7074576E2D4AB237000DC5EC /* Debug */ = {
			isa = XCBuildConfiguration;
			buildSettings = {
				ALWAYS_SEARCH_USER_PATHS = NO;
				ASSETCATALOG_COMPILER_GENERATE_SWIFT_ASSET_SYMBOL_EXTENSIONS = YES;
				CLANG_ANALYZER_NONNULL = YES;
				CLANG_ANALYZER_NUMBER_OBJECT_CONVERSION = YES_AGGRESSIVE;
				CLANG_CXX_LANGUAGE_STANDARD = "gnu++20";
				CLANG_ENABLE_MODULES = YES;
				CLANG_ENABLE_OBJC_ARC = YES;
				CLANG_ENABLE_OBJC_WEAK = YES;
				CLANG_WARN_BLOCK_CAPTURE_AUTORELEASING = YES;
				CLANG_WARN_BOOL_CONVERSION = YES;
				CLANG_WARN_COMMA = YES;
				CLANG_WARN_CONSTANT_CONVERSION = YES;
				CLANG_WARN_DEPRECATED_OBJC_IMPLEMENTATIONS = YES;
				CLANG_WARN_DIRECT_OBJC_ISA_USAGE = YES_ERROR;
				CLANG_WARN_DOCUMENTATION_COMMENTS = YES;
				CLANG_WARN_EMPTY_BODY = YES;
				CLANG_WARN_ENUM_CONVERSION = YES;
				CLANG_WARN_INFINITE_RECURSION = YES;
				CLANG_WARN_INT_CONVERSION = YES;
				CLANG_WARN_NON_LITERAL_NULL_CONVERSION = YES;
				CLANG_WARN_OBJC_IMPLICIT_RETAIN_SELF = YES;
				CLANG_WARN_OBJC_LITERAL_CONVERSION = YES;
				CLANG_WARN_OBJC_ROOT_CLASS = YES_ERROR;
				CLANG_WARN_QUOTED_INCLUDE_IN_FRAMEWORK_HEADER = YES;
				CLANG_WARN_RANGE_LOOP_ANALYSIS = YES;
				CLANG_WARN_STRICT_PROTOTYPES = YES;
				CLANG_WARN_SUSPICIOUS_MOVE = YES;
				CLANG_WARN_UNGUARDED_AVAILABILITY = YES_AGGRESSIVE;
				CLANG_WARN_UNREACHABLE_CODE = YES;
				CLANG_WARN__DUPLICATE_METHOD_MATCH = YES;
				COPY_PHASE_STRIP = NO;
				DEBUG_INFORMATION_FORMAT = dwarf;
				ENABLE_STRICT_OBJC_MSGSEND = YES;
				ENABLE_TESTABILITY = YES;
				ENABLE_USER_SCRIPT_SANDBOXING = YES;
				GCC_C_LANGUAGE_STANDARD = gnu17;
				GCC_DYNAMIC_NO_PIC = NO;
				GCC_NO_COMMON_BLOCKS = YES;
				GCC_OPTIMIZATION_LEVEL = 0;
				GCC_PREPROCESSOR_DEFINITIONS = (
					"DEBUG=1",
					"$(inherited)",
				);
				GCC_WARN_64_TO_32_BIT_CONVERSION = YES;
				GCC_WARN_ABOUT_RETURN_TYPE = YES_ERROR;
				GCC_WARN_UNDECLARED_SELECTOR = YES;
				GCC_WARN_UNINITIALIZED_AUTOS = YES_AGGRESSIVE;
				GCC_WARN_UNUSED_FUNCTION = YES;
				GCC_WARN_UNUSED_VARIABLE = YES;
				IPHONEOS_DEPLOYMENT_TARGET = 17.6;
				LOCALIZATION_PREFERS_STRING_CATALOGS = YES;
				MTL_ENABLE_DEBUG_INFO = INCLUDE_SOURCE;
				MTL_FAST_MATH = YES;
				ONLY_ACTIVE_ARCH = YES;
				SDKROOT = iphoneos;
				SWIFT_ACTIVE_COMPILATION_CONDITIONS = "DEBUG $(inherited)";
				SWIFT_OPTIMIZATION_LEVEL = "-Onone";
			};
			name = Debug;
		};
		7074576F2D4AB237000DC5EC /* Release */ = {
			isa = XCBuildConfiguration;
			buildSettings = {
				ALWAYS_SEARCH_USER_PATHS = NO;
				ASSETCATALOG_COMPILER_GENERATE_SWIFT_ASSET_SYMBOL_EXTENSIONS = YES;
				CLANG_ANALYZER_NONNULL = YES;
				CLANG_ANALYZER_NUMBER_OBJECT_CONVERSION = YES_AGGRESSIVE;
				CLANG_CXX_LANGUAGE_STANDARD = "gnu++20";
				CLANG_ENABLE_MODULES = YES;
				CLANG_ENABLE_OBJC_ARC = YES;
				CLANG_ENABLE_OBJC_WEAK = YES;
				CLANG_WARN_BLOCK_CAPTURE_AUTORELEASING = YES;
				CLANG_WARN_BOOL_CONVERSION = YES;
				CLANG_WARN_COMMA = YES;
				CLANG_WARN_CONSTANT_CONVERSION = YES;
				CLANG_WARN_DEPRECATED_OBJC_IMPLEMENTATIONS = YES;
				CLANG_WARN_DIRECT_OBJC_ISA_USAGE = YES_ERROR;
				CLANG_WARN_DOCUMENTATION_COMMENTS = YES;
				CLANG_WARN_EMPTY_BODY = YES;
				CLANG_WARN_ENUM_CONVERSION = YES;
				CLANG_WARN_INFINITE_RECURSION = YES;
				CLANG_WARN_INT_CONVERSION = YES;
				CLANG_WARN_NON_LITERAL_NULL_CONVERSION = YES;
				CLANG_WARN_OBJC_IMPLICIT_RETAIN_SELF = YES;
				CLANG_WARN_OBJC_LITERAL_CONVERSION = YES;
				CLANG_WARN_OBJC_ROOT_CLASS = YES_ERROR;
				CLANG_WARN_QUOTED_INCLUDE_IN_FRAMEWORK_HEADER = YES;
				CLANG_WARN_RANGE_LOOP_ANALYSIS = YES;
				CLANG_WARN_STRICT_PROTOTYPES = YES;
				CLANG_WARN_SUSPICIOUS_MOVE = YES;
				CLANG_WARN_UNGUARDED_AVAILABILITY = YES_AGGRESSIVE;
				CLANG_WARN_UNREACHABLE_CODE = YES;
				CLANG_WARN__DUPLICATE_METHOD_MATCH = YES;
				COPY_PHASE_STRIP = NO;
				DEBUG_INFORMATION_FORMAT = "dwarf-with-dsym";
				ENABLE_NS_ASSERTIONS = NO;
				ENABLE_STRICT_OBJC_MSGSEND = YES;
				ENABLE_USER_SCRIPT_SANDBOXING = YES;
				GCC_C_LANGUAGE_STANDARD = gnu17;
				GCC_NO_COMMON_BLOCKS = YES;
				GCC_WARN_64_TO_32_BIT_CONVERSION = YES;
				GCC_WARN_ABOUT_RETURN_TYPE = YES_ERROR;
				GCC_WARN_UNDECLARED_SELECTOR = YES;
				GCC_WARN_UNINITIALIZED_AUTOS = YES_AGGRESSIVE;
				GCC_WARN_UNUSED_FUNCTION = YES;
				GCC_WARN_UNUSED_VARIABLE = YES;
				IPHONEOS_DEPLOYMENT_TARGET = 17.6;
				LOCALIZATION_PREFERS_STRING_CATALOGS = YES;
				MTL_ENABLE_DEBUG_INFO = NO;
				MTL_FAST_MATH = YES;
				SDKROOT = iphoneos;
				SWIFT_COMPILATION_MODE = wholemodule;
				VALIDATE_PRODUCT = YES;
			};
			name = Release;
		};
		707457712D4AB237000DC5EC /* Debug */ = {
			isa = XCBuildConfiguration;
			buildSettings = {
				ASSETCATALOG_COMPILER_APPICON_NAME = AppIcon;
				ASSETCATALOG_COMPILER_GLOBAL_ACCENT_COLOR_NAME = AccentColor;
				CODE_SIGN_ENTITLEMENTS = GroovyMorningFM_MobileApp/GroovyMorningFM_MobileApp.entitlements;
				CODE_SIGN_STYLE = Automatic;
				COMBINE_HIDPI_IMAGES = YES;
				CURRENT_PROJECT_VERSION = 1;
				DEVELOPMENT_ASSET_PATHS = "\"GroovyMorningFM_MobileApp/Preview Content\"";
				DEVELOPMENT_TEAM = 27DU3FB9N5;
				ENABLE_HARDENED_RUNTIME = YES;
				ENABLE_PREVIEWS = YES;
				GENERATE_INFOPLIST_FILE = YES;
				INFOPLIST_FILE = "GroovyMorningFM-MobileApp-Info.plist";
				INFOPLIST_KEY_NSSpeechRecognitionUsageDescription = "";
				INFOPLIST_KEY_UIApplicationSceneManifest_Generation = YES;
				INFOPLIST_KEY_UIApplicationSupportsIndirectInputEvents = YES;
				INFOPLIST_KEY_UILaunchScreen_Generation = YES;
				INFOPLIST_KEY_UISupportedInterfaceOrientations_iPad = "UIInterfaceOrientationPortrait UIInterfaceOrientationPortraitUpsideDown UIInterfaceOrientationLandscapeLeft UIInterfaceOrientationLandscapeRight";
				INFOPLIST_KEY_UISupportedInterfaceOrientations_iPhone = "UIInterfaceOrientationPortrait UIInterfaceOrientationLandscapeLeft UIInterfaceOrientationLandscapeRight";
				IPHONEOS_DEPLOYMENT_TARGET = 17;
				LD_RUNPATH_SEARCH_PATHS = (
					"$(inherited)",
					"@executable_path/../Frameworks",
				);
				MARKETING_VERSION = 1.0;
				PRODUCT_BUNDLE_IDENTIFIER = "com.proutechos.sandbox.screentimeapis.GroovyMorningFM-MobileApp";
				PRODUCT_NAME = "$(TARGET_NAME)";
				SWIFT_EMIT_LOC_STRINGS = YES;
				SWIFT_VERSION = 5.0;
				TARGETED_DEVICE_FAMILY = "1,2";
			};
			name = Debug;
		};
		707457722D4AB237000DC5EC /* Release */ = {
			isa = XCBuildConfiguration;
			buildSettings = {
				ASSETCATALOG_COMPILER_APPICON_NAME = AppIcon;
				ASSETCATALOG_COMPILER_GLOBAL_ACCENT_COLOR_NAME = AccentColor;
				CODE_SIGN_STYLE = Automatic;
				COMBINE_HIDPI_IMAGES = YES;
				CURRENT_PROJECT_VERSION = 1;
				DEVELOPMENT_ASSET_PATHS = "\"GroovyMorningFM_MobileApp/Preview Content\"";
				DEVELOPMENT_TEAM = 27DU3FB9N5;
				ENABLE_PREVIEWS = YES;
				GENERATE_INFOPLIST_FILE = YES;
				INFOPLIST_FILE = "GroovyMorningFM-MobileApp-Info.plist";
				INFOPLIST_KEY_NSSpeechRecognitionUsageDescription = "";
				INFOPLIST_KEY_UIApplicationSceneManifest_Generation = YES;
				INFOPLIST_KEY_UIApplicationSupportsIndirectInputEvents = YES;
				INFOPLIST_KEY_UILaunchScreen_Generation = YES;
				INFOPLIST_KEY_UISupportedInterfaceOrientations_iPad = "UIInterfaceOrientationPortrait UIInterfaceOrientationPortraitUpsideDown UIInterfaceOrientationLandscapeLeft UIInterfaceOrientationLandscapeRight";
				INFOPLIST_KEY_UISupportedInterfaceOrientations_iPhone = "UIInterfaceOrientationPortrait UIInterfaceOrientationLandscapeLeft UIInterfaceOrientationLandscapeRight";
				IPHONEOS_DEPLOYMENT_TARGET = 17;
				LD_RUNPATH_SEARCH_PATHS = (
					"$(inherited)",
					"@executable_path/../Frameworks",
				);
				MARKETING_VERSION = 1.0;
				PRODUCT_BUNDLE_IDENTIFIER = "com.proutechos.sandbox.screentimeapis.GroovyMorningFM-MobileApp";
				PRODUCT_NAME = "$(TARGET_NAME)";
				SWIFT_EMIT_LOC_STRINGS = YES;
				SWIFT_VERSION = 5.0;
				TARGETED_DEVICE_FAMILY = "1,2";
			};
			name = Release;
		};
		707457742D4AB237000DC5EC /* Debug */ = {
			isa = XCBuildConfiguration;
			buildSettings = {
				BUNDLE_LOADER = "$(TEST_HOST)";
				CODE_SIGN_STYLE = Automatic;
				CURRENT_PROJECT_VERSION = 1;
				DEVELOPMENT_TEAM = 27DU3FB9N5;
				GENERATE_INFOPLIST_FILE = YES;
				IPHONEOS_DEPLOYMENT_TARGET = 18.2;
				MARKETING_VERSION = 1.0;
				PRODUCT_BUNDLE_IDENTIFIER = "com.proutechos.sandbox.screentimeapis.GroovyMorningFM-MobileAppTests";
				PRODUCT_NAME = "$(TARGET_NAME)";
				SWIFT_EMIT_LOC_STRINGS = NO;
				SWIFT_VERSION = 5.0;
				TARGETED_DEVICE_FAMILY = "1,2";
				TEST_HOST = "$(BUILT_PRODUCTS_DIR)/GroovyMorningFM_MobileApp.app/$(BUNDLE_EXECUTABLE_FOLDER_PATH)/GroovyMorningFM_MobileApp";
			};
			name = Debug;
		};
		707457752D4AB237000DC5EC /* Release */ = {
			isa = XCBuildConfiguration;
			buildSettings = {
				BUNDLE_LOADER = "$(TEST_HOST)";
				CODE_SIGN_STYLE = Automatic;
				CURRENT_PROJECT_VERSION = 1;
				DEVELOPMENT_TEAM = 27DU3FB9N5;
				GENERATE_INFOPLIST_FILE = YES;
				IPHONEOS_DEPLOYMENT_TARGET = 18.2;
				MARKETING_VERSION = 1.0;
				PRODUCT_BUNDLE_IDENTIFIER = "com.proutechos.sandbox.screentimeapis.GroovyMorningFM-MobileAppTests";
				PRODUCT_NAME = "$(TARGET_NAME)";
				SWIFT_EMIT_LOC_STRINGS = NO;
				SWIFT_VERSION = 5.0;
				TARGETED_DEVICE_FAMILY = "1,2";
				TEST_HOST = "$(BUILT_PRODUCTS_DIR)/GroovyMorningFM_MobileApp.app/$(BUNDLE_EXECUTABLE_FOLDER_PATH)/GroovyMorningFM_MobileApp";
			};
			name = Release;
		};
		707457772D4AB237000DC5EC /* Debug */ = {
			isa = XCBuildConfiguration;
			buildSettings = {
				CODE_SIGN_STYLE = Automatic;
				CURRENT_PROJECT_VERSION = 1;
				DEVELOPMENT_TEAM = 27DU3FB9N5;
				GENERATE_INFOPLIST_FILE = YES;
				MARKETING_VERSION = 1.0;
				PRODUCT_BUNDLE_IDENTIFIER = "com.proutechos.sandbox.screentimeapis.GroovyMorningFM-MobileAppUITests";
				PRODUCT_NAME = "$(TARGET_NAME)";
				SWIFT_EMIT_LOC_STRINGS = NO;
				SWIFT_VERSION = 5.0;
				TARGETED_DEVICE_FAMILY = "1,2";
				TEST_TARGET_NAME = GroovyMorningFM_MobileApp;
			};
			name = Debug;
		};
		707457782D4AB237000DC5EC /* Release */ = {
			isa = XCBuildConfiguration;
			buildSettings = {
				CODE_SIGN_STYLE = Automatic;
				CURRENT_PROJECT_VERSION = 1;
				DEVELOPMENT_TEAM = 27DU3FB9N5;
				GENERATE_INFOPLIST_FILE = YES;
				MARKETING_VERSION = 1.0;
				PRODUCT_BUNDLE_IDENTIFIER = "com.proutechos.sandbox.screentimeapis.GroovyMorningFM-MobileAppUITests";
				PRODUCT_NAME = "$(TARGET_NAME)";
				SWIFT_EMIT_LOC_STRINGS = NO;
				SWIFT_VERSION = 5.0;
				TARGETED_DEVICE_FAMILY = "1,2";
				TEST_TARGET_NAME = GroovyMorningFM_MobileApp;
			};
			name = Release;
		};
/* End XCBuildConfiguration section */

/* Begin XCConfigurationList section */
		707457462D4AB236000DC5EC /* Build configuration list for PBXProject "GroovyMorningFM_MobileApp" */ = {
			isa = XCConfigurationList;
			buildConfigurations = (
				7074576E2D4AB237000DC5EC /* Debug */,
				7074576F2D4AB237000DC5EC /* Release */,
			);
			defaultConfigurationIsVisible = 0;
			defaultConfigurationName = Release;
		};
		707457702D4AB237000DC5EC /* Build configuration list for PBXNativeTarget "GroovyMorningFM_MobileApp" */ = {
			isa = XCConfigurationList;
			buildConfigurations = (
				707457712D4AB237000DC5EC /* Debug */,
				707457722D4AB237000DC5EC /* Release */,
			);
			defaultConfigurationIsVisible = 0;
			defaultConfigurationName = Release;
		};
		707457732D4AB237000DC5EC /* Build configuration list for PBXNativeTarget "GroovyMorningFM_MobileAppTests" */ = {
			isa = XCConfigurationList;
			buildConfigurations = (
				707457742D4AB237000DC5EC /* Debug */,
				707457752D4AB237000DC5EC /* Release */,
			);
			defaultConfigurationIsVisible = 0;
			defaultConfigurationName = Release;
		};
		707457762D4AB237000DC5EC /* Build configuration list for PBXNativeTarget "GroovyMorningFM_MobileAppUITests" */ = {
			isa = XCConfigurationList;
			buildConfigurations = (
				707457772D4AB237000DC5EC /* Debug */,
				707457782D4AB237000DC5EC /* Release */,
			);
			defaultConfigurationIsVisible = 0;
			defaultConfigurationName = Release;
		};
/* End XCConfigurationList section */

/* Begin XCRemoteSwiftPackageReference section */
		70639F7C2DA8087E00E20060 /* XCRemoteSwiftPackageReference "FFmpeg-iOS" */ = {
			isa = XCRemoteSwiftPackageReference;
			repositoryURL = "https://github.com/kewlbear/FFmpeg-iOS.git";
			requirement = {
				kind = upToNextMajorVersion;
				minimumVersion = 0.0.5;
			};
		};
/* End XCRemoteSwiftPackageReference section */

/* Begin XCSwiftPackageProductDependency section */
		70639F7D2DA8087E00E20060 /* FFmpeg-iOS */ = {
			isa = XCSwiftPackageProductDependency;
			package = 70639F7C2DA8087E00E20060 /* XCRemoteSwiftPackageReference "FFmpeg-iOS" */;
			productName = "FFmpeg-iOS";
		};
		70639F7F2DA8087E00E20060 /* ffmpeg-ios */ = {
			isa = XCSwiftPackageProductDependency;
			package = 70639F7C2DA8087E00E20060 /* XCRemoteSwiftPackageReference "FFmpeg-iOS" */;
			productName = "ffmpeg-ios";
		};
/* End XCSwiftPackageProductDependency section */
	};
	rootObject = 707457432D4AB236000DC5EC /* Project object */;
}
